
Microsoft Visual Studio Solution File, Format Version 12.00
# Visual Studio Version 17
VisualStudioVersion = 17.8.34511.84
MinimumVisualStudioVersion = 10.0.40219.1
Project("{FAE04EC0-301F-11D3-BF4B-00C04F79EFBC}") = "MauiAuth0App", "MauiAuth0App\MauiAuth0App.csproj", "{0DE8560E-EDE5-445A-8646-EF9BCC59429B}"
EndProject
Global
	GlobalSection(SolutionConfigurationPlatforms) = preSolution
		Debug|Any CPU = Debug|Any CPU
		Release|Any CPU = Release|Any CPU
	EndGlobalSection
	GlobalSection(ProjectConfigurationPlatforms) = postSolution
		{0DE8560E-EDE5-445A-8646-EF9BCC59429B}.Debug|Any CPU.ActiveCfg = Debug|Any CPU
		{0DE8560E-EDE5-445A-8646-EF9BCC59429B}.Debug|Any CPU.Build.0 = Debug|Any CPU
		{0DE8560E-EDE5-445A-8646-EF9BCC59429B}.Debug|Any CPU.Deploy.0 = Debug|Any CPU
		{0DE8560E-EDE5-445A-8646-EF9BCC59429B}.Release|Any CPU.ActiveCfg = Release|Any CPU
		{0DE8560E-EDE5-445A-8646-EF9BCC59429B}.Release|Any CPU.Build.0 = Release|Any CPU
		{0DE8560E-EDE5-445A-8646-EF9BCC59429B}.Release|Any CPU.Deploy.0 = Release|Any CPU
	EndGlobalSection
	GlobalSection(SolutionProperties) = preSolution
		HideSolutionNode = FALSE
	EndGlobalSection
	GlobalSection(ExtensibilityGlobals) = postSolution
		SolutionGuid = {2E277A8B-D4A5-432C-B2BA-C7D81A6D5CFB}
	EndGlobalSection
EndGlobal
